// !$*UTF8*$!
{
	archiveVersion = 1;
	classes = {
	};
	objectVersion = 77;
	objects = {

/* Begin PBXBuildFile section */
		AE2B3E6B2E85968F0046F873 /* KeychainAccess in Frameworks */ = {isa = PBXBuildFile; productRef = AE2B3E6A2E85968F0046F873 /* KeychainAccess */; };
		AE3134762ED1152D0046FDAD /* CodeScanner in Frameworks */ = {isa = PBXBuildFile; productRef = AE3134752ED1152D0046FDAD /* CodeScanner */; };
		AE44A8672E7614EE00F00611 /* README.md in Resources */ = {isa = PBXBuildFile; fileRef = AE44A8662E7614EE00F00611 /* README.md */; };
		AE627CAD2E873F0000FB25C9 /* BitcoinUI in Frameworks */ = {isa = PBXBuildFile; productRef = AE627CAC2E873F0000FB25C9 /* BitcoinUI */; };
		AE75A9BC2E43D13700A3A159 /* BitcoinDevKit in Frameworks */ = {isa = PBXBuildFile; productRef = AE75A9BB2E43D13700A3A159 /* BitcoinDevKit */; };
		AEA64EAB2E67604100108F53 /* CKTap in Frameworks */ = {isa = PBXBuildFile; productRef = AEA64EAA2E67604100108F53 /* CKTap */; };
/* End PBXBuildFile section */

/* Begin PBXFileReference section */
		AE2B975B2E43ADDF002051EC /* SatsBuddy.app */ = {isa = PBXFileReference; explicitFileType = wrapper.application; includeInIndex = 0; path = SatsBuddy.app; sourceTree = BUILT_PRODUCTS_DIR; };
		AE44A8662E7614EE00F00611 /* README.md */ = {isa = PBXFileReference; lastKnownFileType = net.daringfireball.markdown; path = README.md; sourceTree = "<group>"; };
/* End PBXFileReference section */

/* Begin PBXFileSystemSynchronizedBuildFileExceptionSet section */
		AEC2D9092E676C8500368DC1 /* Exceptions for "SatsBuddy" folder in "SatsBuddy" target */ = {
			isa = PBXFileSystemSynchronizedBuildFileExceptionSet;
			membershipExceptions = (
				Info.plist,
			);
			target = AE2B975A2E43ADDF002051EC /* SatsBuddy */;
		};
/* End PBXFileSystemSynchronizedBuildFileExceptionSet section */

/* Begin PBXFileSystemSynchronizedRootGroup section */
		AE2B975D2E43ADDF002051EC /* SatsBuddy */ = {
			isa = PBXFileSystemSynchronizedRootGroup;
			exceptions = (
				AEC2D9092E676C8500368DC1 /* Exceptions for "SatsBuddy" folder in "SatsBuddy" target */,
			);
			path = SatsBuddy;
			sourceTree = "<group>";
		};
/* End PBXFileSystemSynchronizedRootGroup section */

/* Begin PBXFrameworksBuildPhase section */
		AE2B97582E43ADDF002051EC /* Frameworks */ = {
			isa = PBXFrameworksBuildPhase;
			buildActionMask = 2147483647;
			files = (
				AEA64EAB2E67604100108F53 /* CKTap in Frameworks */,
				AE75A9BC2E43D13700A3A159 /* BitcoinDevKit in Frameworks */,
				AE2B3E6B2E85968F0046F873 /* KeychainAccess in Frameworks */,
				AE627CAD2E873F0000FB25C9 /* BitcoinUI in Frameworks */,
				AE3134762ED1152D0046FDAD /* CodeScanner in Frameworks */,
			);
			runOnlyForDeploymentPostprocessing = 0;
		};
/* End PBXFrameworksBuildPhase section */

/* Begin PBXGroup section */
		AE2B97522E43ADDF002051EC = {
			isa = PBXGroup;
			children = (
				AE44A8662E7614EE00F00611 /* README.md */,
				AE2B975D2E43ADDF002051EC /* SatsBuddy */,
				AE2B975C2E43ADDF002051EC /* Products */,
			);
			sourceTree = "<group>";
		};
		AE2B975C2E43ADDF002051EC /* Products */ = {
			isa = PBXGroup;
			children = (
				AE2B975B2E43ADDF002051EC /* SatsBuddy.app */,
			);
			name = Products;
			sourceTree = "<group>";
		};
/* End PBXGroup section */

/* Begin PBXNativeTarget section */
		AE2B975A2E43ADDF002051EC /* SatsBuddy */ = {
			isa = PBXNativeTarget;
			buildConfigurationList = AE2B97662E43ADE1002051EC /* Build configuration list for PBXNativeTarget "SatsBuddy" */;
			buildPhases = (
				AE2B97572E43ADDF002051EC /* Sources */,
				AE2B97582E43ADDF002051EC /* Frameworks */,
				AE2B97592E43ADDF002051EC /* Resources */,
			);
			buildRules = (
			);
			dependencies = (
			);
			fileSystemSynchronizedGroups = (
				AE2B975D2E43ADDF002051EC /* SatsBuddy */,
			);
			name = SatsBuddy;
			packageProductDependencies = (
				AE75A9BB2E43D13700A3A159 /* BitcoinDevKit */,
				AEA64EAA2E67604100108F53 /* CKTap */,
				AE2B3E6A2E85968F0046F873 /* KeychainAccess */,
				AE627CAC2E873F0000FB25C9 /* BitcoinUI */,
				AE3134752ED1152D0046FDAD /* CodeScanner */,
			);
			productName = SatsBuddy;
			productReference = AE2B975B2E43ADDF002051EC /* SatsBuddy.app */;
			productType = "com.apple.product-type.application";
		};
/* End PBXNativeTarget section */

/* Begin PBXProject section */
		AE2B97532E43ADDF002051EC /* Project object */ = {
			isa = PBXProject;
			attributes = {
				BuildIndependentTargetsInParallel = 1;
				LastSwiftUpdateCheck = 2620;
				LastUpgradeCheck = 1640;
				TargetAttributes = {
					AE2B975A2E43ADDF002051EC = {
						CreatedOnToolsVersion = 16.4;
					};
				};
			};
			buildConfigurationList = AE2B97562E43ADDF002051EC /* Build configuration list for PBXProject "SatsBuddy" */;
			developmentRegion = en;
			hasScannedForEncodings = 0;
			knownRegions = (
				en,
				Base,
			);
			mainGroup = AE2B97522E43ADDF002051EC;
			minimizedProjectReferenceProxies = 1;
			packageReferences = (
				AE75A9BA2E43D13700A3A159 /* XCRemoteSwiftPackageReference "bdk-swift" */,
				AEA64EA92E67604100108F53 /* XCRemoteSwiftPackageReference "rust-cktap" */,
				AE2B3E692E85968F0046F873 /* XCRemoteSwiftPackageReference "KeychainAccess" */,
				AE627CAB2E873F0000FB25C9 /* XCRemoteSwiftPackageReference "BitcoinUI" */,
				AE3134742ED1152D0046FDAD /* XCRemoteSwiftPackageReference "CodeScanner" */,
			);
			preferredProjectObjectVersion = 77;
			productRefGroup = AE2B975C2E43ADDF002051EC /* Products */;
			projectDirPath = "";
			projectRoot = "";
			targets = (
				AE2B975A2E43ADDF002051EC /* SatsBuddy */,
			);
		};
/* End PBXProject section */

/* Begin PBXResourcesBuildPhase section */
		AE2B97592E43ADDF002051EC /* Resources */ = {
			isa = PBXResourcesBuildPhase;
			buildActionMask = 2147483647;
			files = (
				AE44A8672E7614EE00F00611 /* README.md in Resources */,
			);
			runOnlyForDeploymentPostprocessing = 0;
		};
/* End PBXResourcesBuildPhase section */

/* Begin PBXSourcesBuildPhase section */
		AE2B97572E43ADDF002051EC /* Sources */ = {
			isa = PBXSourcesBuildPhase;
			buildActionMask = 2147483647;
			files = (
			);
			runOnlyForDeploymentPostprocessing = 0;
		};
/* End PBXSourcesBuildPhase section */

/* Begin XCBuildConfiguration section */
		AE2B97642E43ADE1002051EC /* Debug */ = {
			isa = XCBuildConfiguration;
			buildSettings = {
				ALWAYS_SEARCH_USER_PATHS = NO;
				ASSETCATALOG_COMPILER_GENERATE_SWIFT_ASSET_SYMBOL_EXTENSIONS = YES;
				CLANG_ANALYZER_NONNULL = YES;
				CLANG_ANALYZER_NUMBER_OBJECT_CONVERSION = YES_AGGRESSIVE;
				CLANG_CXX_LANGUAGE_STANDARD = "gnu++20";
				CLANG_ENABLE_MODULES = YES;
				CLANG_ENABLE_OBJC_ARC = YES;
				CLANG_ENABLE_OBJC_WEAK = YES;
				CLANG_WARN_BLOCK_CAPTURE_AUTORELEASING = YES;
				CLANG_WARN_BOOL_CONVERSION = YES;
				CLANG_WARN_COMMA = YES;
				CLANG_WARN_CONSTANT_CONVERSION = YES;
				CLANG_WARN_DEPRECATED_OBJC_IMPLEMENTATIONS = YES;
				CLANG_WARN_DIRECT_OBJC_ISA_USAGE = YES_ERROR;
				CLANG_WARN_DOCUMENTATION_COMMENTS = YES;
				CLANG_WARN_EMPTY_BODY = YES;
				CLANG_WARN_ENUM_CONVERSION = YES;
				CLANG_WARN_INFINITE_RECURSION = YES;
				CLANG_WARN_INT_CONVERSION = YES;
				CLANG_WARN_NON_LITERAL_NULL_CONVERSION = YES;
				CLANG_WARN_OBJC_IMPLICIT_RETAIN_SELF = YES;
				CLANG_WARN_OBJC_LITERAL_CONVERSION = YES;
				CLANG_WARN_OBJC_ROOT_CLASS = YES_ERROR;
				CLANG_WARN_QUOTED_INCLUDE_IN_FRAMEWORK_HEADER = YES;
				CLANG_WARN_RANGE_LOOP_ANALYSIS = YES;
				CLANG_WARN_STRICT_PROTOTYPES = YES;
				CLANG_WARN_SUSPICIOUS_MOVE = YES;
				CLANG_WARN_UNGUARDED_AVAILABILITY = YES_AGGRESSIVE;
				CLANG_WARN_UNREACHABLE_CODE = YES;
				CLANG_WARN__DUPLICATE_METHOD_MATCH = YES;
				COPY_PHASE_STRIP = NO;
				DEBUG_INFORMATION_FORMAT = dwarf;
				DEVELOPMENT_TEAM = 9G6M658RKZ;
				ENABLE_STRICT_OBJC_MSGSEND = YES;
				ENABLE_TESTABILITY = YES;
				ENABLE_USER_SCRIPT_SANDBOXING = YES;
				GCC_C_LANGUAGE_STANDARD = gnu17;
				GCC_DYNAMIC_NO_PIC = NO;
				GCC_NO_COMMON_BLOCKS = YES;
				GCC_OPTIMIZATION_LEVEL = 0;
				GCC_PREPROCESSOR_DEFINITIONS = (
					"DEBUG=1",
					"$(inherited)",
				);
				GCC_WARN_64_TO_32_BIT_CONVERSION = YES;
				GCC_WARN_ABOUT_RETURN_TYPE = YES_ERROR;
				GCC_WARN_UNDECLARED_SELECTOR = YES;
				GCC_WARN_UNINITIALIZED_AUTOS = YES_AGGRESSIVE;
				GCC_WARN_UNUSED_FUNCTION = YES;
				GCC_WARN_UNUSED_VARIABLE = YES;
				IPHONEOS_DEPLOYMENT_TARGET = 18.5;
				LOCALIZATION_PREFERS_STRING_CATALOGS = YES;
				MTL_ENABLE_DEBUG_INFO = INCLUDE_SOURCE;
				MTL_FAST_MATH = YES;
				ONLY_ACTIVE_ARCH = YES;
				SDKROOT = iphoneos;
				SWIFT_ACTIVE_COMPILATION_CONDITIONS = "DEBUG $(inherited)";
				SWIFT_OPTIMIZATION_LEVEL = "-Onone";
			};
			name = Debug;
		};
		AE2B97652E43ADE1002051EC /* Release */ = {
			isa = XCBuildConfiguration;
			buildSettings = {
				ALWAYS_SEARCH_USER_PATHS = NO;
				ASSETCATALOG_COMPILER_GENERATE_SWIFT_ASSET_SYMBOL_EXTENSIONS = YES;
				CLANG_ANALYZER_NONNULL = YES;
				CLANG_ANALYZER_NUMBER_OBJECT_CONVERSION = YES_AGGRESSIVE;
				CLANG_CXX_LANGUAGE_STANDARD = "gnu++20";
				CLANG_ENABLE_MODULES = YES;
				CLANG_ENABLE_OBJC_ARC = YES;
				CLANG_ENABLE_OBJC_WEAK = YES;
				CLANG_WARN_BLOCK_CAPTURE_AUTORELEASING = YES;
				CLANG_WARN_BOOL_CONVERSION = YES;
				CLANG_WARN_COMMA = YES;
				CLANG_WARN_CONSTANT_CONVERSION = YES;
				CLANG_WARN_DEPRECATED_OBJC_IMPLEMENTATIONS = YES;
				CLANG_WARN_DIRECT_OBJC_ISA_USAGE = YES_ERROR;
				CLANG_WARN_DOCUMENTATION_COMMENTS = YES;
				CLANG_WARN_EMPTY_BODY = YES;
				CLANG_WARN_ENUM_CONVERSION = YES;
				CLANG_WARN_INFINITE_RECURSION = YES;
				CLANG_WARN_INT_CONVERSION = YES;
				CLANG_WARN_NON_LITERAL_NULL_CONVERSION = YES;
				CLANG_WARN_OBJC_IMPLICIT_RETAIN_SELF = YES;
				CLANG_WARN_OBJC_LITERAL_CONVERSION = YES;
				CLANG_WARN_OBJC_ROOT_CLASS = YES_ERROR;
				CLANG_WARN_QUOTED_INCLUDE_IN_FRAMEWORK_HEADER = YES;
				CLANG_WARN_RANGE_LOOP_ANALYSIS = YES;
				CLANG_WARN_STRICT_PROTOTYPES = YES;
				CLANG_WARN_SUSPICIOUS_MOVE = YES;
				CLANG_WARN_UNGUARDED_AVAILABILITY = YES_AGGRESSIVE;
				CLANG_WARN_UNREACHABLE_CODE = YES;
				CLANG_WARN__DUPLICATE_METHOD_MATCH = YES;
				COPY_PHASE_STRIP = NO;
				DEBUG_INFORMATION_FORMAT = "dwarf-with-dsym";
				DEVELOPMENT_TEAM = 9G6M658RKZ;
				ENABLE_NS_ASSERTIONS = NO;
				ENABLE_STRICT_OBJC_MSGSEND = YES;
				ENABLE_USER_SCRIPT_SANDBOXING = YES;
				GCC_C_LANGUAGE_STANDARD = gnu17;
				GCC_NO_COMMON_BLOCKS = YES;
				GCC_WARN_64_TO_32_BIT_CONVERSION = YES;
				GCC_WARN_ABOUT_RETURN_TYPE = YES_ERROR;
				GCC_WARN_UNDECLARED_SELECTOR = YES;
				GCC_WARN_UNINITIALIZED_AUTOS = YES_AGGRESSIVE;
				GCC_WARN_UNUSED_FUNCTION = YES;
				GCC_WARN_UNUSED_VARIABLE = YES;
				IPHONEOS_DEPLOYMENT_TARGET = 18.5;
				LOCALIZATION_PREFERS_STRING_CATALOGS = YES;
				MTL_ENABLE_DEBUG_INFO = NO;
				MTL_FAST_MATH = YES;
				SDKROOT = iphoneos;
				SWIFT_COMPILATION_MODE = wholemodule;
				VALIDATE_PRODUCT = YES;
			};
			name = Release;
		};
		AE2B97672E43ADE1002051EC /* Debug */ = {
			isa = XCBuildConfiguration;
			buildSettings = {
				ASSETCATALOG_COMPILER_APPICON_NAME = AppIcon;
				ASSETCATALOG_COMPILER_GLOBAL_ACCENT_COLOR_NAME = AccentColor;
				CODE_SIGN_ENTITLEMENTS = SatsBuddy/SatsBuddy.entitlements;
				CODE_SIGN_STYLE = Automatic;
				CURRENT_PROJECT_VERSION = 1;
				DEVELOPMENT_TEAM = WUQYBPQJWN;
				ENABLE_PREVIEWS = YES;
				GENERATE_INFOPLIST_FILE = YES;
				INFOPLIST_FILE = SatsBuddy/Info.plist;
				INFOPLIST_KEY_CFBundleDisplayName = SATSBUDDY;
				INFOPLIST_KEY_ITSAppUsesNonExemptEncryption = NO;
				INFOPLIST_KEY_LSApplicationCategoryType = "";
				INFOPLIST_KEY_NFCReaderUsageDescription = "We need NFC access to scan SatsCards.";
				INFOPLIST_KEY_NSCameraUsageDescription = "Camera access is required to scan Bitcoin addresses from QR codes";
				INFOPLIST_KEY_UIApplicationSceneManifest_Generation = YES;
				INFOPLIST_KEY_UIApplicationSupportsIndirectInputEvents = YES;
				INFOPLIST_KEY_UILaunchScreen_Generation = YES;
				INFOPLIST_KEY_UIRequiredDeviceCapabilities = nfc;
				INFOPLIST_KEY_UISupportedInterfaceOrientations_iPad = "UIInterfaceOrientationPortrait UIInterfaceOrientationPortraitUpsideDown UIInterfaceOrientationLandscapeLeft UIInterfaceOrientationLandscapeRight";
				INFOPLIST_KEY_UISupportedInterfaceOrientations_iPhone = "UIInterfaceOrientationPortrait UIInterfaceOrientationLandscapeLeft UIInterfaceOrientationLandscapeRight";
				LD_RUNPATH_SEARCH_PATHS = (
					"$(inherited)",
					"@executable_path/Frameworks",
				);
				MARKETING_VERSION = 1.0;
				PRODUCT_BUNDLE_IDENTIFIER = com.bitcoindevkit.SatsBuddy;
				PRODUCT_NAME = "$(TARGET_NAME)";
				SWIFT_EMIT_LOC_STRINGS = YES;
				SWIFT_VERSION = 5.0;
				TARGETED_DEVICE_FAMILY = "1,2";
			};
			name = Debug;
		};
		AE2B97682E43ADE1002051EC /* Release */ = {
			isa = XCBuildConfiguration;
			buildSettings = {
				ASSETCATALOG_COMPILER_APPICON_NAME = AppIcon;
				ASSETCATALOG_COMPILER_GLOBAL_ACCENT_COLOR_NAME = AccentColor;
				CODE_SIGN_ENTITLEMENTS = SatsBuddy/SatsBuddy.entitlements;
				CODE_SIGN_STYLE = Automatic;
				CURRENT_PROJECT_VERSION = 1;
				DEVELOPMENT_TEAM = WUQYBPQJWN;
				ENABLE_PREVIEWS = YES;
				GENERATE_INFOPLIST_FILE = YES;
				INFOPLIST_FILE = SatsBuddy/Info.plist;
				INFOPLIST_KEY_CFBundleDisplayName = SATSBUDDY;
				INFOPLIST_KEY_ITSAppUsesNonExemptEncryption = NO;
				INFOPLIST_KEY_LSApplicationCategoryType = "";
				INFOPLIST_KEY_NFCReaderUsageDescription = "We need NFC access to scan SatsCards.";
				INFOPLIST_KEY_NSCameraUsageDescription = "Camera access is required to scan Bitcoin addresses from QR codes";
				INFOPLIST_KEY_UIApplicationSceneManifest_Generation = YES;
				INFOPLIST_KEY_UIApplicationSupportsIndirectInputEvents = YES;
				INFOPLIST_KEY_UILaunchScreen_Generation = YES;
				INFOPLIST_KEY_UIRequiredDeviceCapabilities = nfc;
				INFOPLIST_KEY_UISupportedInterfaceOrientations_iPad = "UIInterfaceOrientationPortrait UIInterfaceOrientationPortraitUpsideDown UIInterfaceOrientationLandscapeLeft UIInterfaceOrientationLandscapeRight";
				INFOPLIST_KEY_UISupportedInterfaceOrientations_iPhone = "UIInterfaceOrientationPortrait UIInterfaceOrientationLandscapeLeft UIInterfaceOrientationLandscapeRight";
				LD_RUNPATH_SEARCH_PATHS = (
					"$(inherited)",
					"@executable_path/Frameworks",
				);
				MARKETING_VERSION = 1.0;
				PRODUCT_BUNDLE_IDENTIFIER = com.bitcoindevkit.SatsBuddy;
				PRODUCT_NAME = "$(TARGET_NAME)";
				SWIFT_EMIT_LOC_STRINGS = YES;
				SWIFT_VERSION = 5.0;
				TARGETED_DEVICE_FAMILY = "1,2";
			};
			name = Release;
		};
/* End XCBuildConfiguration section */

/* Begin XCConfigurationList section */
		AE2B97562E43ADDF002051EC /* Build configuration list for PBXProject "SatsBuddy" */ = {
			isa = XCConfigurationList;
			buildConfigurations = (
				AE2B97642E43ADE1002051EC /* Debug */,
				AE2B97652E43ADE1002051EC /* Release */,
			);
			defaultConfigurationIsVisible = 0;
			defaultConfigurationName = Release;
		};
		AE2B97662E43ADE1002051EC /* Build configuration list for PBXNativeTarget "SatsBuddy" */ = {
			isa = XCConfigurationList;
			buildConfigurations = (
				AE2B97672E43ADE1002051EC /* Debug */,
				AE2B97682E43ADE1002051EC /* Release */,
			);
			defaultConfigurationIsVisible = 0;
			defaultConfigurationName = Release;
		};
/* End XCConfigurationList section */

/* Begin XCRemoteSwiftPackageReference section */
		AE2B3E692E85968F0046F873 /* XCRemoteSwiftPackageReference "KeychainAccess" */ = {
			isa = XCRemoteSwiftPackageReference;
			repositoryURL = "https://github.com/kishikawakatsumi/KeychainAccess";
			requirement = {
				kind = exactVersion;
				version = 4.2.2;
			};
		};
		AE3134742ED1152D0046FDAD /* XCRemoteSwiftPackageReference "CodeScanner" */ = {
			isa = XCRemoteSwiftPackageReference;
			repositoryURL = "https://github.com/twostraws/CodeScanner.git";
			requirement = {
				kind = exactVersion;
				version = 2.5.2;
			};
		};
		AE627CAB2E873F0000FB25C9 /* XCRemoteSwiftPackageReference "BitcoinUI" */ = {
			isa = XCRemoteSwiftPackageReference;
			repositoryURL = "https://github.com/reez/BitcoinUI";
			requirement = {
				branch = main;
				kind = branch;
			};
		};
		AE75A9BA2E43D13700A3A159 /* XCRemoteSwiftPackageReference "bdk-swift" */ = {
			isa = XCRemoteSwiftPackageReference;
			repositoryURL = "https://github.com/bitcoindevkit/bdk-swift";
			requirement = {
				kind = exactVersion;
				version = 2.3.0;
			};
		};
		AEA64EA92E67604100108F53 /* XCRemoteSwiftPackageReference "rust-cktap" */ = {
			isa = XCRemoteSwiftPackageReference;
			repositoryURL = "https://github.com/bitcoindevkit/rust-cktap";
			requirement = {
				kind = exactVersion;
				version = 0.2.2;
			};
		};
/* End XCRemoteSwiftPackageReference section */

/* Begin XCSwiftPackageProductDependency section */
		AE2B3E6A2E85968F0046F873 /* KeychainAccess */ = {
			isa = XCSwiftPackageProductDependency;
			package = AE2B3E692E85968F0046F873 /* XCRemoteSwiftPackageReference "KeychainAccess" */;
			productName = KeychainAccess;
		};
		AE3134752ED1152D0046FDAD /* CodeScanner */ = {
			isa = XCSwiftPackageProductDependency;
			package = AE3134742ED1152D0046FDAD /* XCRemoteSwiftPackageReference "CodeScanner" */;
			productName = CodeScanner;
		};
		AE627CAC2E873F0000FB25C9 /* BitcoinUI */ = {
			isa = XCSwiftPackageProductDependency;
			package = AE627CAB2E873F0000FB25C9 /* XCRemoteSwiftPackageReference "BitcoinUI" */;
			productName = BitcoinUI;
		};
		AE75A9BB2E43D13700A3A159 /* BitcoinDevKit */ = {
			isa = XCSwiftPackageProductDependency;
			package = AE75A9BA2E43D13700A3A159 /* XCRemoteSwiftPackageReference "bdk-swift" */;
			productName = BitcoinDevKit;
		};
		AEA64EAA2E67604100108F53 /* CKTap */ = {
			isa = XCSwiftPackageProductDependency;
			package = AEA64EA92E67604100108F53 /* XCRemoteSwiftPackageReference "rust-cktap" */;
			productName = CKTap;
		};
/* End XCSwiftPackageProductDependency section */
	};
	rootObject = AE2B97532E43ADDF002051EC /* Project object */;
}
